
Microsoft Visual Studio Solution File, Format Version 12.00
# Visual Studio 15
VisualStudioVersion = 15.0.28307.645
MinimumVisualStudioVersion = 10.0.40219.1
Project("{FAE04EC0-301F-11D3-BF4B-00C04F79EFBC}") = "WpfApp9", "WpfApp9\WpfApp9.csproj", "{9B4CFEB5-0915-4A84-82C9-ABCA0CDFB3E0}"
EndProject
Global
	GlobalSection(SolutionConfigurationPlatforms) = preSolution
		Debug|Any CPU = Debug|Any CPU
		Release|Any CPU = Release|Any CPU
	EndGlobalSection
	GlobalSection(ProjectConfigurationPlatforms) = postSolution
		{9B4CFEB5-0915-4A84-82C9-ABCA0CDFB3E0}.Debug|Any CPU.ActiveCfg = Debug|Any CPU
		{9B4CFEB5-0915-4A84-82C9-ABCA0CDFB3E0}.Debug|Any CPU.Build.0 = Debug|Any CPU
		{9B4CFEB5-0915-4A84-82C9-ABCA0CDFB3E0}.Release|Any CPU.ActiveCfg = Release|Any CPU
		{9B4CFEB5-0915-4A84-82C9-ABCA0CDFB3E0}.Release|Any CPU.Build.0 = Release|Any CPU
	EndGlobalSection
	GlobalSection(SolutionProperties) = preSolution
		HideSolutionNode = FALSE
	EndGlobalSection
	GlobalSection(ExtensibilityGlobals) = postSolution
		SolutionGuid = {DD9AA818-6B5B-44B9-8E99-765BA0EDD14D}
	EndGlobalSection
EndGlobal
